
Microsoft Visual Studio Solution File, Format Version 12.00
# Visual Studio 2013
VisualStudioVersion = 12.0.30723.0
MinimumVisualStudioVersion = 10.0.40219.1
Project("{FAE04EC0-301F-11D3-BF4B-00C04F79EFBC}") = "SterDbTest", "SterDbTest\SterDbTest.csproj", "{B80896FB-16D0-4D1E-A9D5-C75B7005C99D}"
EndProject
Project("{FAE04EC0-301F-11D3-BF4B-00C04F79EFBC}") = "SterDbTest.DA", "SterDbTest.DA\SterDbTest.DA.csproj", "{540304BB-F017-40A7-B675-7F40F7169A04}"
EndProject
Project("{FAE04EC0-301F-11D3-BF4B-00C04F79EFBC}") = "SterDbTest.Data", "SterDbTest.Data\SterDbTest.Data.csproj", "{3431BCE8-B057-4B13-816D-CE9534EE4E74}"
EndProject
Global
	GlobalSection(SolutionConfigurationPlatforms) = preSolution
		Debug|Any CPU = Debug|Any CPU
		Release|Any CPU = Release|Any CPU
	EndGlobalSection
	GlobalSection(ProjectConfigurationPlatforms) = postSolution
		{B80896FB-16D0-4D1E-A9D5-C75B7005C99D}.Debug|Any CPU.ActiveCfg = Debug|Any CPU
		{B80896FB-16D0-4D1E-A9D5-C75B7005C99D}.Debug|Any CPU.Build.0 = Debug|Any CPU
		{B80896FB-16D0-4D1E-A9D5-C75B7005C99D}.Release|Any CPU.ActiveCfg = Release|Any CPU
		{B80896FB-16D0-4D1E-A9D5-C75B7005C99D}.Release|Any CPU.Build.0 = Release|Any CPU
		{540304BB-F017-40A7-B675-7F40F7169A04}.Debug|Any CPU.ActiveCfg = Debug|Any CPU
		{540304BB-F017-40A7-B675-7F40F7169A04}.Debug|Any CPU.Build.0 = Debug|Any CPU
		{540304BB-F017-40A7-B675-7F40F7169A04}.Release|Any CPU.ActiveCfg = Release|Any CPU
		{540304BB-F017-40A7-B675-7F40F7169A04}.Release|Any CPU.Build.0 = Release|Any CPU
		{3431BCE8-B057-4B13-816D-CE9534EE4E74}.Debug|Any CPU.ActiveCfg = Debug|Any CPU
		{3431BCE8-B057-4B13-816D-CE9534EE4E74}.Debug|Any CPU.Build.0 = Debug|Any CPU
		{3431BCE8-B057-4B13-816D-CE9534EE4E74}.Release|Any CPU.ActiveCfg = Release|Any CPU
		{3431BCE8-B057-4B13-816D-CE9534EE4E74}.Release|Any CPU.Build.0 = Release|Any CPU
	EndGlobalSection
	GlobalSection(SolutionProperties) = preSolution
		HideSolutionNode = FALSE
	EndGlobalSection
EndGlobal
